{"version":4,"terraform_version":"1.10.7","serial":12,"lineage":"7d7a9a81-ddd2-72f1-ce8a-d01676c3a8e4","outputs":{"backend_ip_address":{"value":"10.0.5.167","type":"string"}},"resources":[{"mode":"data","type":"openstack_compute_flavor_v2","name":"backend_flavor","provider":"provider[\"registry.opentofu.org/terraform-provider-openstack/openstack\"]","instances":[{"schema_version":0,"attributes":{"description":"","disk":40,"extra_specs":{"hw:cpu_feature":"vmx","hw:cpu_policy":"shared"},"flavor_id":"774c9136-d522-4466-8097-a907dd4b50a8","id":"774c9136-d522-4466-8097-a907dd4b50a8","is_public":true,"min_disk":null,"min_ram":null,"name":"m1.medium","ram":4096,"region":null,"rx_tx_factor":1,"swap":0,"vcpus":2},"sensitive_attributes":[]}]},{"mode":"data","type":"openstack_images_image_v2","name":"image","provider":"provider[\"registry.opentofu.org/terraform-provider-openstack/openstack\"]","instances":[{"schema_version":0,"attributes":{"checksum":"4511509a4c1e2427f2e5a8bc181c1349","container_format":"bare","created_at":"2025-07-09T17:00:12Z","disk_format":"qcow2","file":"/v2/images/5377aaac-d346-40f4-b779-1dd5f87be6c0/file","hidden":false,"id":"5377aaac-d346-40f4-b779-1dd5f87be6c0","member_status":null,"metadata":{},"min_disk_gb":0,"min_ram_mb":0,"most_recent":false,"name":"lab-rocky-9","name_regex":null,"owner":"8fea35547a114d4596327515cf63a599","properties":{"os_hash_algo":"sha512","os_hash_value":"a2762427e757fdd9934e2a613343649c01ebee7da4286564aeb2ac607f1f93403e75111e8883d0fdc966ee6a0d4252de9aff2f1282c5737eb36949eda60f74b6","owner_specified.openstack.md5":"","owner_specified.openstack.object":"images/lab-rocky-9-rev2","owner_specified.openstack.sha256":"","stores":"file"},"protected":false,"region":"RegionOne","schema":"/v2/schemas/image","size_bytes":1386956800,"size_max":null,"size_min":null,"sort_direction":"asc","sort_key":"name","tag":null,"tags":[],"updated_at":"2025-10-06T19:18:49Z","visibility":"public"},"sensitive_attributes":[]}]},{"mode":"managed","type":"null_resource","name":"ansible_host_update","provider":"provider[\"registry.opentofu.org/hashicorp/null\"]","instances":[{"schema_version":0,"attributes":{"id":"3082725658161279642","triggers":{"backend_ip":"10.0.5.167"}},"sensitive_attributes":[],"dependencies":["data.openstack_compute_flavor_v2.backend_flavor","data.openstack_images_image_v2.image","openstack_compute_instance_v2.backend_server"]}]},{"mode":"managed","type":"openstack_compute_instance_v2","name":"backend_server","provider":"provider[\"registry.opentofu.org/terraform-provider-openstack/openstack\"]","instances":[{"schema_version":0,"attributes":{"access_ip_v4":"10.0.5.167","access_ip_v6":"","admin_pass":null,"all_metadata":{},"all_tags":[],"availability_zone":"nova","availability_zone_hints":null,"block_device":[],"config_drive":null,"created":"2025-11-09 15:50:07 +0000 UTC","flavor_id":"774c9136-d522-4466-8097-a907dd4b50a8","flavor_name":"m1.medium","floating_ip":null,"force_delete":false,"id":"506718ac-02bd-4c12-abdd-054755460c81","image_id":"5377aaac-d346-40f4-b779-1dd5f87be6c0","image_name":"lab-rocky-9","key_pair":"k8s-keypair","metadata":null,"name":"repository","network":[{"access_network":false,"fixed_ip_v4":"10.0.5.167","fixed_ip_v6":"","floating_ip":"","mac":"fa:16:3e:ba:37:3d","name":"net-infra","port":"","uuid":"f07fe84a-85b4-40ee-bb2a-f8341f3b062b"}],"network_mode":null,"personality":[],"power_state":"active","region":"RegionOne","scheduler_hints":[],"security_groups":["lab"],"stop_before_destroy":false,"tags":null,"timeouts":null,"updated":"2025-11-09 15:50:26 +0000 UTC","user_data":null,"vendor_options":[],"volume":[]},"sensitive_attributes":[[{"type":"get_attr","value":"admin_pass"}]],"private":"eyJlMmJmYjczMC1lY2FhLTExZTYtOGY4OC0zNDM2M2JjN2M0YzAiOnsiY3JlYXRlIjoxODAwMDAwMDAwMDAwLCJkZWxldGUiOjE4MDAwMDAwMDAwMDAsInVwZGF0ZSI6MTgwMDAwMDAwMDAwMH19","dependencies":["data.openstack_compute_flavor_v2.backend_flavor","data.openstack_images_image_v2.image"]}]}],"check_results":null}
