{"version":4,"terraform_version":"1.10.7","serial":15,"lineage":"5194447e-624a-07ea-b395-cb43ee3c550b","outputs":{"all_nodes_ips":{"value":["10.0.4.241","10.0.5.22","10.0.2.133","10.0.3.249","10.0.5.69","10.0.3.165","10.0.3.6","10.0.5.126"],"type":["tuple",["string","string","string","string","string","string","string","string"]]},"control_plane_ips":{"value":["10.0.4.241","10.0.5.22","10.0.2.133"],"type":["tuple",["string","string","string"]]},"haproxy_internal_ip":{"value":"10.0.1.50","type":"string"},"kube_api_endpoint":{"value":"121.254.163.236","type":"string"},"worker_node_ips":{"value":["10.0.3.249","10.0.5.69","10.0.3.165","10.0.3.6","10.0.5.126"],"type":["tuple",["string","string","string","string","string"]]}},"resources":[{"mode":"data","type":"openstack_compute_flavor_v2","name":"haproxy_flavor","provider":"provider[\"registry.opentofu.org/terraform-provider-openstack/openstack\"]","instances":[{"schema_version":0,"attributes":{"description":"","disk":40,"extra_specs":{"hw:cpu_feature":"vmx","hw:cpu_policy":"shared"},"flavor_id":"774c9136-d522-4466-8097-a907dd4b50a8","id":"774c9136-d522-4466-8097-a907dd4b50a8","is_public":true,"min_disk":null,"min_ram":null,"name":"m1.medium","ram":4096,"region":null,"rx_tx_factor":1,"swap":0,"vcpus":2},"sensitive_attributes":[]}]},{"mode":"data","type":"openstack_compute_flavor_v2","name":"k8s_node_flavor","provider":"provider[\"registry.opentofu.org/terraform-provider-openstack/openstack\"]","instances":[{"schema_version":0,"attributes":{"description":"","disk":40,"extra_specs":{},"flavor_id":"ee1b3749-219e-4665-afb3-6d25b00d2d97","id":"ee1b3749-219e-4665-afb3-6d25b00d2d97","is_public":true,"min_disk":null,"min_ram":null,"name":"t1.kubernetes","ram":8192,"region":null,"rx_tx_factor":1,"swap":0,"vcpus":4},"sensitive_attributes":[]}]},{"mode":"managed","type":"local_file","name":"ansible_inventory","provider":"provider[\"registry.opentofu.org/hashicorp/local\"]","instances":[{"schema_version":0,"attributes":{"content":"[all:vars]\nansible_user=rocky \nansible_ssh_private_key_file=/root/.ssh/id_ed25519_k8s\nansible_python_interpreter=/usr/bin/python3\nansible_ssh_common_args='-o StrictHostKeyChecking=no'\n\n[k8s_cluster:children]\ncontrol\nworker\nhaproxy\n\n[haproxy]\nhaproxy ansible_host=10.0.1.50\n\n[control]\ncontrol-1 ansible_host=10.0.4.241\ncontrol-2 ansible_host=10.0.5.22\ncontrol-3 ansible_host=10.0.2.133\n\n[worker]\nworker-1 ansible_host=10.0.3.249\nworker-2 ansible_host=10.0.5.69\nworker-3 ansible_host=10.0.3.165\nworker-4 ansible_host=10.0.3.6\nworker-5 ansible_host=10.0.5.126\n","content_base64":null,"content_base64sha256":"/D8AY5YuFKUKm8o7bZ92BKJVK+p+Ngxuf/qTn8iyANc=","content_base64sha512":"4pGxsVtaAHBbQQlINHGW0+5KarcDy+HALHTeAnyjuPpdDmjhTjkToWZvC8isXInJGIX8vHkydCJE3Lty8ufi7Q==","content_md5":"0f6e76b2bcb35a7dbf49151bcca03c37","content_sha1":"55527eea0bdf8a0ce8d1c2b57f36909314b3ea1a","content_sha256":"fc3f0063962e14a50a9bca3b6d9f7604a2552bea7e360c6e7ffa939fc8b200d7","content_sha512":"e291b1b15b5a00705b410948347196d3ee4a6ab703cbe1c02c74de027ca3b8fa5d0e68e14e3913a1666f0bc8ac5c89c91885fcbc7932742244dcbb72f2e7e2ed","directory_permission":"0777","file_permission":"0777","filename":"../ansible/hosts","id":"55527eea0bdf8a0ce8d1c2b57f36909314b3ea1a","sensitive_content":null,"source":null},"sensitive_attributes":[[{"type":"get_attr","value":"sensitive_content"}]],"dependencies":["data.openstack_compute_flavor_v2.haproxy_flavor","data.openstack_compute_flavor_v2.k8s_node_flavor","openstack_compute_instance_v2.control_plane","openstack_compute_instance_v2.haproxy_server","openstack_compute_instance_v2.worker_node","openstack_compute_keypair_v2.k8s_keypair","openstack_networking_secgroup_v2.k8s_security_group","tls_private_key.k8s_ssh_key"]}]},{"mode":"managed","type":"local_file","name":"private_key_pem","provider":"provider[\"registry.opentofu.org/hashicorp/local\"]","instances":[{"schema_version":0,"attributes":{"content":"-----BEGIN PRIVATE KEY-----\nMC4CAQAwBQYDK2VwBCIEIOqZETBFr37DUtFcRERC7XTouyWISHvDMVfzJYaCg16N\n-----END PRIVATE KEY-----\n","content_base64":null,"content_base64sha256":"zAgKlyw8bY5IzjwdVabdatMb5GW1gJha7SGYe/6dyhg=","content_base64sha512":"NtGBNkeVSTe92s8B9Gc6fonvMNeFN0CygCKUuP81oqTSgL0OArWChSYLY1VcWCbyVLys6mZiacXb8rIYfkpJMw==","content_md5":"918aa4b6484234f9c7c676d2235d3114","content_sha1":"980e2e646071edc84130e1be09adcd386f46eeed","content_sha256":"cc080a972c3c6d8e48ce3c1d55a6dd6ad31be465b580985aed21987bfe9dca18","content_sha512":"36d1813647954937bddacf01f4673a7e89ef30d7853740b2802294b8ff35a2a4d280bd0e02b58285260b63555c5826f254bcacea666269c5dbf2b2187e4a4933","directory_permission":"0777","file_permission":"0400","filename":"/root/.ssh/id_ed25519_k8s","id":"980e2e646071edc84130e1be09adcd386f46eeed","sensitive_content":null,"source":null},"sensitive_attributes":[[{"type":"get_attr","value":"content"}],[{"type":"get_attr","value":"sensitive_content"}]],"dependencies":["tls_private_key.k8s_ssh_key"]}]},{"mode":"managed","type":"null_resource","name":"update_hosts_file","provider":"provider[\"registry.opentofu.org/hashicorp/null\"]","instances":[{"schema_version":0,"attributes":{"id":"5926752306975499695","triggers":null},"sensitive_attributes":[],"dependencies":["data.openstack_compute_flavor_v2.haproxy_flavor","data.openstack_compute_flavor_v2.k8s_node_flavor","openstack_compute_instance_v2.control_plane","openstack_compute_instance_v2.haproxy_server","openstack_compute_instance_v2.worker_node","openstack_compute_keypair_v2.k8s_keypair","openstack_networking_secgroup_v2.k8s_security_group","tls_private_key.k8s_ssh_key"]}]},{"mode":"managed","type":"openstack_compute_floatingip_associate_v2","name":"haproxy_fip_associate","provider":"provider[\"registry.opentofu.org/terraform-provider-openstack/openstack\"]","instances":[{"schema_version":0,"attributes":{"fixed_ip":"","floating_ip":"121.254.163.236","id":"121.254.163.236/00d1d4c9-3eb3-4974-a9f1-3cfcbbada497/","instance_id":"00d1d4c9-3eb3-4974-a9f1-3cfcbbada497","region":"RegionOne","timeouts":null,"wait_until_associated":null},"sensitive_attributes":[],"private":"eyJlMmJmYjczMC1lY2FhLTExZTYtOGY4OC0zNDM2M2JjN2M0YzAiOnsiY3JlYXRlIjo2MDAwMDAwMDAwMDB9fQ==","dependencies":["data.openstack_compute_flavor_v2.haproxy_flavor","openstack_compute_instance_v2.haproxy_server","openstack_compute_keypair_v2.k8s_keypair","openstack_networking_floatingip_v2.haproxy_fip","openstack_networking_secgroup_v2.k8s_security_group","tls_private_key.k8s_ssh_key"]}]},{"mode":"managed","type":"openstack_compute_instance_v2","name":"control_plane","provider":"provider[\"registry.opentofu.org/terraform-provider-openstack/openstack\"]","instances":[{"index_key":0,"schema_version":0,"attributes":{"access_ip_v4":"10.0.4.241","access_ip_v6":"","admin_pass":null,"all_metadata":{},"all_tags":[],"availability_zone":"nova","availability_zone_hints":null,"block_device":[],"config_drive":null,"created":"2025-11-09 14:12:44 +0000 UTC","flavor_id":"ee1b3749-219e-4665-afb3-6d25b00d2d97","flavor_name":"t1.kubernetes","floating_ip":null,"force_delete":false,"id":"c275c046-0d1a-40de-877a-a5a228c332b4","image_id":"5377aaac-d346-40f4-b779-1dd5f87be6c0","image_name":"lab-rocky-9","key_pair":"k8s-keypair","metadata":null,"name":"control1","network":[{"access_network":false,"fixed_ip_v4":"10.0.4.241","fixed_ip_v6":"","floating_ip":"","mac":"fa:16:3e:89:2d:06","name":"net-infra","port":"","uuid":"f07fe84a-85b4-40ee-bb2a-f8341f3b062b"}],"network_mode":null,"personality":[],"power_state":"active","region":"RegionOne","scheduler_hints":[],"security_groups":["k8s-cluster-sg"],"stop_before_destroy":false,"tags":null,"timeouts":null,"updated":"2025-11-09 14:13:19 +0000 UTC","user_data":null,"vendor_options":[],"volume":[]},"sensitive_attributes":[[{"type":"get_attr","value":"admin_pass"}]],"private":"eyJlMmJmYjczMC1lY2FhLTExZTYtOGY4OC0zNDM2M2JjN2M0YzAiOnsiY3JlYXRlIjoxODAwMDAwMDAwMDAwLCJkZWxldGUiOjE4MDAwMDAwMDAwMDAsInVwZGF0ZSI6MTgwMDAwMDAwMDAwMH19","dependencies":["data.openstack_compute_flavor_v2.k8s_node_flavor","openstack_compute_keypair_v2.k8s_keypair","openstack_networking_secgroup_v2.k8s_security_group","tls_private_key.k8s_ssh_key"]},{"index_key":1,"schema_version":0,"attributes":{"access_ip_v4":"10.0.5.22","access_ip_v6":"","admin_pass":null,"all_metadata":{},"all_tags":[],"availability_zone":"nova","availability_zone_hints":null,"block_device":[],"config_drive":null,"created":"2025-11-09 14:12:44 +0000 UTC","flavor_id":"ee1b3749-219e-4665-afb3-6d25b00d2d97","flavor_name":"t1.kubernetes","floating_ip":null,"force_delete":false,"id":"4ab644fe-4f58-4d17-abfa-765fe6770253","image_id":"5377aaac-d346-40f4-b779-1dd5f87be6c0","image_name":"lab-rocky-9","key_pair":"k8s-keypair","metadata":null,"name":"control2","network":[{"access_network":false,"fixed_ip_v4":"10.0.5.22","fixed_ip_v6":"","floating_ip":"","mac":"fa:16:3e:a4:7a:bc","name":"net-infra","port":"","uuid":"f07fe84a-85b4-40ee-bb2a-f8341f3b062b"}],"network_mode":null,"personality":[],"power_state":"active","region":"RegionOne","scheduler_hints":[],"security_groups":["k8s-cluster-sg"],"stop_before_destroy":false,"tags":null,"timeouts":null,"updated":"2025-11-09 14:13:22 +0000 UTC","user_data":null,"vendor_options":[],"volume":[]},"sensitive_attributes":[[{"type":"get_attr","value":"admin_pass"}]],"private":"eyJlMmJmYjczMC1lY2FhLTExZTYtOGY4OC0zNDM2M2JjN2M0YzAiOnsiY3JlYXRlIjoxODAwMDAwMDAwMDAwLCJkZWxldGUiOjE4MDAwMDAwMDAwMDAsInVwZGF0ZSI6MTgwMDAwMDAwMDAwMH19","dependencies":["data.openstack_compute_flavor_v2.k8s_node_flavor","openstack_compute_keypair_v2.k8s_keypair","openstack_networking_secgroup_v2.k8s_security_group","tls_private_key.k8s_ssh_key"]},{"index_key":2,"schema_version":0,"attributes":{"access_ip_v4":"10.0.2.133","access_ip_v6":"","admin_pass":null,"all_metadata":{},"all_tags":[],"availability_zone":"nova","availability_zone_hints":null,"block_device":[],"config_drive":null,"created":"2025-11-09 14:12:41 +0000 UTC","flavor_id":"ee1b3749-219e-4665-afb3-6d25b00d2d97","flavor_name":"t1.kubernetes","floating_ip":null,"force_delete":false,"id":"79550e47-d1f2-4f19-b5ad-26af9a39408f","image_id":"5377aaac-d346-40f4-b779-1dd5f87be6c0","image_name":"lab-rocky-9","key_pair":"k8s-keypair","metadata":null,"name":"control3","network":[{"access_network":false,"fixed_ip_v4":"10.0.2.133","fixed_ip_v6":"","floating_ip":"","mac":"fa:16:3e:fa:d5:60","name":"net-infra","port":"","uuid":"f07fe84a-85b4-40ee-bb2a-f8341f3b062b"}],"network_mode":null,"personality":[],"power_state":"active","region":"RegionOne","scheduler_hints":[],"security_groups":["k8s-cluster-sg"],"stop_before_destroy":false,"tags":null,"timeouts":null,"updated":"2025-11-09 14:13:11 +0000 UTC","user_data":null,"vendor_options":[],"volume":[]},"sensitive_attributes":[[{"type":"get_attr","value":"admin_pass"}]],"private":"eyJlMmJmYjczMC1lY2FhLTExZTYtOGY4OC0zNDM2M2JjN2M0YzAiOnsiY3JlYXRlIjoxODAwMDAwMDAwMDAwLCJkZWxldGUiOjE4MDAwMDAwMDAwMDAsInVwZGF0ZSI6MTgwMDAwMDAwMDAwMH19","dependencies":["data.openstack_compute_flavor_v2.k8s_node_flavor","openstack_compute_keypair_v2.k8s_keypair","openstack_networking_secgroup_v2.k8s_security_group","tls_private_key.k8s_ssh_key"]}]},{"mode":"managed","type":"openstack_compute_instance_v2","name":"haproxy_server","provider":"provider[\"registry.opentofu.org/terraform-provider-openstack/openstack\"]","instances":[{"schema_version":0,"attributes":{"access_ip_v4":"10.0.1.50","access_ip_v6":"","admin_pass":null,"all_metadata":{},"all_tags":[],"availability_zone":"nova","availability_zone_hints":null,"block_device":[],"config_drive":null,"created":"2025-11-09 14:12:40 +0000 UTC","flavor_id":"774c9136-d522-4466-8097-a907dd4b50a8","flavor_name":"m1.medium","floating_ip":null,"force_delete":false,"id":"00d1d4c9-3eb3-4974-a9f1-3cfcbbada497","image_id":"5377aaac-d346-40f4-b779-1dd5f87be6c0","image_name":"lab-rocky-9","key_pair":"k8s-keypair","metadata":null,"name":"haproxy","network":[{"access_network":false,"fixed_ip_v4":"10.0.1.50","fixed_ip_v6":"","floating_ip":"","mac":"fa:16:3e:c3:7a:29","name":"net-infra","port":"","uuid":"f07fe84a-85b4-40ee-bb2a-f8341f3b062b"}],"network_mode":null,"personality":[],"power_state":"active","region":"RegionOne","scheduler_hints":[],"security_groups":["k8s-cluster-sg"],"stop_before_destroy":false,"tags":null,"timeouts":null,"updated":"2025-11-09 14:13:00 +0000 UTC","user_data":null,"vendor_options":[],"volume":[]},"sensitive_attributes":[[{"type":"get_attr","value":"admin_pass"}]],"private":"eyJlMmJmYjczMC1lY2FhLTExZTYtOGY4OC0zNDM2M2JjN2M0YzAiOnsiY3JlYXRlIjoxODAwMDAwMDAwMDAwLCJkZWxldGUiOjE4MDAwMDAwMDAwMDAsInVwZGF0ZSI6MTgwMDAwMDAwMDAwMH19","dependencies":["data.openstack_compute_flavor_v2.haproxy_flavor","openstack_compute_keypair_v2.k8s_keypair","openstack_networking_secgroup_v2.k8s_security_group","tls_private_key.k8s_ssh_key"]}]},{"mode":"managed","type":"openstack_compute_instance_v2","name":"worker_node","provider":"provider[\"registry.opentofu.org/terraform-provider-openstack/openstack\"]","instances":[{"index_key":0,"schema_version":0,"attributes":{"access_ip_v4":"10.0.3.249","access_ip_v6":"","admin_pass":null,"all_metadata":{},"all_tags":[],"availability_zone":"nova","availability_zone_hints":null,"block_device":[],"config_drive":null,"created":"2025-11-09 14:12:40 +0000 UTC","flavor_id":"ee1b3749-219e-4665-afb3-6d25b00d2d97","flavor_name":"t1.kubernetes","floating_ip":null,"force_delete":false,"id":"ca4fa328-cef5-4203-8cea-e52425db5687","image_id":"5377aaac-d346-40f4-b779-1dd5f87be6c0","image_name":"lab-rocky-9","key_pair":"k8s-keypair","metadata":null,"name":"worker1","network":[{"access_network":false,"fixed_ip_v4":"10.0.3.249","fixed_ip_v6":"","floating_ip":"","mac":"fa:16:3e:14:94:c2","name":"net-infra","port":"","uuid":"f07fe84a-85b4-40ee-bb2a-f8341f3b062b"}],"network_mode":null,"personality":[],"power_state":"active","region":"RegionOne","scheduler_hints":[],"security_groups":["k8s-cluster-sg"],"stop_before_destroy":false,"tags":null,"timeouts":null,"updated":"2025-11-09 14:13:02 +0000 UTC","user_data":null,"vendor_options":[],"volume":[]},"sensitive_attributes":[[{"type":"get_attr","value":"admin_pass"}]],"private":"eyJlMmJmYjczMC1lY2FhLTExZTYtOGY4OC0zNDM2M2JjN2M0YzAiOnsiY3JlYXRlIjoxODAwMDAwMDAwMDAwLCJkZWxldGUiOjE4MDAwMDAwMDAwMDAsInVwZGF0ZSI6MTgwMDAwMDAwMDAwMH19","dependencies":["data.openstack_compute_flavor_v2.k8s_node_flavor","openstack_compute_keypair_v2.k8s_keypair","openstack_networking_secgroup_v2.k8s_security_group","tls_private_key.k8s_ssh_key"]},{"index_key":1,"schema_version":0,"attributes":{"access_ip_v4":"10.0.5.69","access_ip_v6":"","admin_pass":null,"all_metadata":{},"all_tags":[],"availability_zone":"nova","availability_zone_hints":null,"block_device":[],"config_drive":null,"created":"2025-11-09 14:12:45 +0000 UTC","flavor_id":"ee1b3749-219e-4665-afb3-6d25b00d2d97","flavor_name":"t1.kubernetes","floating_ip":null,"force_delete":false,"id":"3911b782-8389-49c9-ba08-699bfb05c2e1","image_id":"5377aaac-d346-40f4-b779-1dd5f87be6c0","image_name":"lab-rocky-9","key_pair":"k8s-keypair","metadata":null,"name":"worker2","network":[{"access_network":false,"fixed_ip_v4":"10.0.5.69","fixed_ip_v6":"","floating_ip":"","mac":"fa:16:3e:99:9f:cd","name":"net-infra","port":"","uuid":"f07fe84a-85b4-40ee-bb2a-f8341f3b062b"}],"network_mode":null,"personality":[],"power_state":"active","region":"RegionOne","scheduler_hints":[],"security_groups":["k8s-cluster-sg"],"stop_before_destroy":false,"tags":null,"timeouts":null,"updated":"2025-11-09 14:13:26 +0000 UTC","user_data":null,"vendor_options":[],"volume":[]},"sensitive_attributes":[[{"type":"get_attr","value":"admin_pass"}]],"private":"eyJlMmJmYjczMC1lY2FhLTExZTYtOGY4OC0zNDM2M2JjN2M0YzAiOnsiY3JlYXRlIjoxODAwMDAwMDAwMDAwLCJkZWxldGUiOjE4MDAwMDAwMDAwMDAsInVwZGF0ZSI6MTgwMDAwMDAwMDAwMH19","dependencies":["data.openstack_compute_flavor_v2.k8s_node_flavor","openstack_compute_keypair_v2.k8s_keypair","openstack_networking_secgroup_v2.k8s_security_group","tls_private_key.k8s_ssh_key"]},{"index_key":2,"schema_version":0,"attributes":{"access_ip_v4":"10.0.3.165","access_ip_v6":"","admin_pass":null,"all_metadata":{},"all_tags":[],"availability_zone":"nova","availability_zone_hints":null,"block_device":[],"config_drive":null,"created":"2025-11-09 14:12:40 +0000 UTC","flavor_id":"ee1b3749-219e-4665-afb3-6d25b00d2d97","flavor_name":"t1.kubernetes","floating_ip":null,"force_delete":false,"id":"c549dce1-2d1f-4994-9d64-d3ee6c2b6038","image_id":"5377aaac-d346-40f4-b779-1dd5f87be6c0","image_name":"lab-rocky-9","key_pair":"k8s-keypair","metadata":null,"name":"worker3","network":[{"access_network":false,"fixed_ip_v4":"10.0.3.165","fixed_ip_v6":"","floating_ip":"","mac":"fa:16:3e:3b:7d:4b","name":"net-infra","port":"","uuid":"f07fe84a-85b4-40ee-bb2a-f8341f3b062b"}],"network_mode":null,"personality":[],"power_state":"active","region":"RegionOne","scheduler_hints":[],"security_groups":["k8s-cluster-sg"],"stop_before_destroy":false,"tags":null,"timeouts":null,"updated":"2025-11-09 14:13:04 +0000 UTC","user_data":null,"vendor_options":[],"volume":[]},"sensitive_attributes":[[{"type":"get_attr","value":"admin_pass"}]],"private":"eyJlMmJmYjczMC1lY2FhLTExZTYtOGY4OC0zNDM2M2JjN2M0YzAiOnsiY3JlYXRlIjoxODAwMDAwMDAwMDAwLCJkZWxldGUiOjE4MDAwMDAwMDAwMDAsInVwZGF0ZSI6MTgwMDAwMDAwMDAwMH19","dependencies":["data.openstack_compute_flavor_v2.k8s_node_flavor","openstack_compute_keypair_v2.k8s_keypair","openstack_networking_secgroup_v2.k8s_security_group","tls_private_key.k8s_ssh_key"]},{"index_key":3,"schema_version":0,"attributes":{"access_ip_v4":"10.0.3.6","access_ip_v6":"","admin_pass":null,"all_metadata":{},"all_tags":[],"availability_zone":"nova","availability_zone_hints":null,"block_device":[],"config_drive":null,"created":"2025-11-09 14:12:43 +0000 UTC","flavor_id":"ee1b3749-219e-4665-afb3-6d25b00d2d97","flavor_name":"t1.kubernetes","floating_ip":null,"force_delete":false,"id":"917c9374-a4c0-4c81-898b-a528b842d8ab","image_id":"5377aaac-d346-40f4-b779-1dd5f87be6c0","image_name":"lab-rocky-9","key_pair":"k8s-keypair","metadata":null,"name":"worker4","network":[{"access_network":false,"fixed_ip_v4":"10.0.3.6","fixed_ip_v6":"","floating_ip":"","mac":"fa:16:3e:e3:9a:81","name":"net-infra","port":"","uuid":"f07fe84a-85b4-40ee-bb2a-f8341f3b062b"}],"network_mode":null,"personality":[],"power_state":"active","region":"RegionOne","scheduler_hints":[],"security_groups":["k8s-cluster-sg"],"stop_before_destroy":false,"tags":null,"timeouts":null,"updated":"2025-11-09 14:13:15 +0000 UTC","user_data":null,"vendor_options":[],"volume":[]},"sensitive_attributes":[[{"type":"get_attr","value":"admin_pass"}]],"private":"eyJlMmJmYjczMC1lY2FhLTExZTYtOGY4OC0zNDM2M2JjN2M0YzAiOnsiY3JlYXRlIjoxODAwMDAwMDAwMDAwLCJkZWxldGUiOjE4MDAwMDAwMDAwMDAsInVwZGF0ZSI6MTgwMDAwMDAwMDAwMH19","dependencies":["data.openstack_compute_flavor_v2.k8s_node_flavor","openstack_compute_keypair_v2.k8s_keypair","openstack_networking_secgroup_v2.k8s_security_group","tls_private_key.k8s_ssh_key"]},{"index_key":4,"schema_version":0,"attributes":{"access_ip_v4":"10.0.5.126","access_ip_v6":"","admin_pass":null,"all_metadata":{},"all_tags":[],"availability_zone":"nova","availability_zone_hints":null,"block_device":[],"config_drive":null,"created":"2025-11-09 14:12:40 +0000 UTC","flavor_id":"ee1b3749-219e-4665-afb3-6d25b00d2d97","flavor_name":"t1.kubernetes","floating_ip":null,"force_delete":false,"id":"953803c6-0a44-4bec-a8b5-bd7d6c04c361","image_id":"5377aaac-d346-40f4-b779-1dd5f87be6c0","image_name":"lab-rocky-9","key_pair":"k8s-keypair","metadata":null,"name":"worker5","network":[{"access_network":false,"fixed_ip_v4":"10.0.5.126","fixed_ip_v6":"","floating_ip":"","mac":"fa:16:3e:35:b4:51","name":"net-infra","port":"","uuid":"f07fe84a-85b4-40ee-bb2a-f8341f3b062b"}],"network_mode":null,"personality":[],"power_state":"active","region":"RegionOne","scheduler_hints":[],"security_groups":["k8s-cluster-sg"],"stop_before_destroy":false,"tags":null,"timeouts":null,"updated":"2025-11-09 14:13:08 +0000 UTC","user_data":null,"vendor_options":[],"volume":[]},"sensitive_attributes":[[{"type":"get_attr","value":"admin_pass"}]],"private":"eyJlMmJmYjczMC1lY2FhLTExZTYtOGY4OC0zNDM2M2JjN2M0YzAiOnsiY3JlYXRlIjoxODAwMDAwMDAwMDAwLCJkZWxldGUiOjE4MDAwMDAwMDAwMDAsInVwZGF0ZSI6MTgwMDAwMDAwMDAwMH19","dependencies":["data.openstack_compute_flavor_v2.k8s_node_flavor","openstack_compute_keypair_v2.k8s_keypair","openstack_networking_secgroup_v2.k8s_security_group","tls_private_key.k8s_ssh_key"]}]},{"mode":"managed","type":"openstack_compute_keypair_v2","name":"k8s_keypair","provider":"provider[\"registry.opentofu.org/terraform-provider-openstack/openstack\"]","instances":[{"schema_version":0,"attributes":{"fingerprint":"2f:7f:de:1a:90:da:33:67:3d:a8:f6:1d:85:ec:15:3f","id":"k8s-keypair","name":"k8s-keypair","private_key":"","public_key":"ssh-ed25519 AAAAC3NzaC1lZDI1NTE5AAAAIIbYSxw+OXIwbk9pZ/JMzPe4hrXBNXHSYvCe3h/q/qFN\n","region":"RegionOne","user_id":"","value_specs":null},"sensitive_attributes":[],"private":"bnVsbA==","dependencies":["tls_private_key.k8s_ssh_key"]}]},{"mode":"managed","type":"openstack_networking_floatingip_v2","name":"haproxy_fip","provider":"provider[\"registry.opentofu.org/terraform-provider-openstack/openstack\"]","instances":[{"schema_version":0,"attributes":{"address":"121.254.163.236","all_tags":[],"description":"","dns_domain":"","dns_name":"","fixed_ip":"","id":"c13d2c7d-28e2-4dbd-93cb-52e496d3e5cf","pool":"net-external","port_id":"","region":"RegionOne","subnet_id":null,"subnet_ids":null,"tags":null,"tenant_id":"c4adf84505f5489089a3ae8d33fec1a6","timeouts":null,"value_specs":null},"sensitive_attributes":[],"private":"eyJlMmJmYjczMC1lY2FhLTExZTYtOGY4OC0zNDM2M2JjN2M0YzAiOnsiY3JlYXRlIjo2MDAwMDAwMDAwMDAsImRlbGV0ZSI6NjAwMDAwMDAwMDAwfX0="}]},{"mode":"managed","type":"openstack_networking_secgroup_rule_v2","name":"k8s_internal_ingress_all","provider":"provider[\"registry.opentofu.org/terraform-provider-openstack/openstack\"]","instances":[{"schema_version":0,"attributes":{"description":"","direction":"ingress","ethertype":"IPv4","id":"bbdc6f6e-2246-42e2-90c7-df65b6e04cfb","port_range_max":0,"port_range_min":0,"protocol":"","region":"RegionOne","remote_group_id":"60bbbdd3-e67b-4389-93ba-1af242cfb63d","remote_ip_prefix":"","security_group_id":"60bbbdd3-e67b-4389-93ba-1af242cfb63d","tenant_id":"c4adf84505f5489089a3ae8d33fec1a6","timeouts":null},"sensitive_attributes":[],"private":"eyJlMmJmYjczMC1lY2FhLTExZTYtOGY4OC0zNDM2M2JjN2M0YzAiOnsiZGVsZXRlIjo2MDAwMDAwMDAwMDB9fQ==","dependencies":["openstack_networking_secgroup_v2.k8s_security_group"]}]},{"mode":"managed","type":"openstack_networking_secgroup_rule_v2","name":"kube_api_ingress","provider":"provider[\"registry.opentofu.org/terraform-provider-openstack/openstack\"]","instances":[{"schema_version":0,"attributes":{"description":"","direction":"ingress","ethertype":"IPv4","id":"c57865f9-f29f-4b41-992f-bf646507ae91","port_range_max":6443,"port_range_min":6443,"protocol":"tcp","region":"RegionOne","remote_group_id":"","remote_ip_prefix":"0.0.0.0/0","security_group_id":"60bbbdd3-e67b-4389-93ba-1af242cfb63d","tenant_id":"c4adf84505f5489089a3ae8d33fec1a6","timeouts":null},"sensitive_attributes":[],"private":"eyJlMmJmYjczMC1lY2FhLTExZTYtOGY4OC0zNDM2M2JjN2M0YzAiOnsiZGVsZXRlIjo2MDAwMDAwMDAwMDB9fQ==","dependencies":["openstack_networking_secgroup_v2.k8s_security_group"]}]},{"mode":"managed","type":"openstack_networking_secgroup_rule_v2","name":"nodeport_ingress","provider":"provider[\"registry.opentofu.org/terraform-provider-openstack/openstack\"]","instances":[{"schema_version":0,"attributes":{"description":"","direction":"ingress","ethertype":"IPv4","id":"28502e90-5990-41bd-a241-ecb1fa39f5d0","port_range_max":32767,"port_range_min":30000,"protocol":"tcp","region":"RegionOne","remote_group_id":"","remote_ip_prefix":"0.0.0.0/0","security_group_id":"60bbbdd3-e67b-4389-93ba-1af242cfb63d","tenant_id":"c4adf84505f5489089a3ae8d33fec1a6","timeouts":null},"sensitive_attributes":[],"private":"eyJlMmJmYjczMC1lY2FhLTExZTYtOGY4OC0zNDM2M2JjN2M0YzAiOnsiZGVsZXRlIjo2MDAwMDAwMDAwMDB9fQ==","dependencies":["openstack_networking_secgroup_v2.k8s_security_group"]}]},{"mode":"managed","type":"openstack_networking_secgroup_rule_v2","name":"ssh_ingress","provider":"provider[\"registry.opentofu.org/terraform-provider-openstack/openstack\"]","instances":[{"schema_version":0,"attributes":{"description":"","direction":"ingress","ethertype":"IPv4","id":"5b5dc5e3-1e2f-42ae-85a5-7f11a211b7e2","port_range_max":22,"port_range_min":22,"protocol":"tcp","region":"RegionOne","remote_group_id":"","remote_ip_prefix":"0.0.0.0/0","security_group_id":"60bbbdd3-e67b-4389-93ba-1af242cfb63d","tenant_id":"c4adf84505f5489089a3ae8d33fec1a6","timeouts":null},"sensitive_attributes":[],"private":"eyJlMmJmYjczMC1lY2FhLTExZTYtOGY4OC0zNDM2M2JjN2M0YzAiOnsiZGVsZXRlIjo2MDAwMDAwMDAwMDB9fQ==","dependencies":["openstack_networking_secgroup_v2.k8s_security_group"]}]},{"mode":"managed","type":"openstack_networking_secgroup_v2","name":"k8s_security_group","provider":"provider[\"registry.opentofu.org/terraform-provider-openstack/openstack\"]","instances":[{"schema_version":0,"attributes":{"all_tags":[],"delete_default_rules":null,"description":"Security group for Kubernetes cluster nodes (HAProxy, Control, Worker).","id":"60bbbdd3-e67b-4389-93ba-1af242cfb63d","name":"k8s-cluster-sg","region":"RegionOne","tags":null,"tenant_id":"c4adf84505f5489089a3ae8d33fec1a6","timeouts":null},"sensitive_attributes":[],"private":"eyJlMmJmYjczMC1lY2FhLTExZTYtOGY4OC0zNDM2M2JjN2M0YzAiOnsiZGVsZXRlIjo2MDAwMDAwMDAwMDB9fQ=="}]},{"mode":"managed","type":"tls_private_key","name":"k8s_ssh_key","provider":"provider[\"registry.opentofu.org/hashicorp/tls\"]","instances":[{"schema_version":1,"attributes":{"algorithm":"ED25519","ecdsa_curve":"P224","id":"08cb0ef5386a7f518c3fb956ed1828d0434993e5","private_key_openssh":"-----BEGIN OPENSSH PRIVATE KEY-----\nb3BlbnNzaC1rZXktdjEAAAAABG5vbmUAAAAEbm9uZQAAAAAAAAABAAAAMwAAAAtz\nc2gtZWQyNTUxOQAAACCG2EscPjlyMG5PaWfyTMz3uIa1wTVx0mLwnt4f6v6hTQAA\nAIiCOebogjnm6AAAAAtzc2gtZWQyNTUxOQAAACCG2EscPjlyMG5PaWfyTMz3uIa1\nwTVx0mLwnt4f6v6hTQAAAEDqmREwRa9+w1LRXEREQu106LsliEh7wzFX8yWGgoNe\njYbYSxw+OXIwbk9pZ/JMzPe4hrXBNXHSYvCe3h/q/qFNAAAAAAECAwQF\n-----END OPENSSH PRIVATE KEY-----\n","private_key_pem":"-----BEGIN PRIVATE KEY-----\nMC4CAQAwBQYDK2VwBCIEIOqZETBFr37DUtFcRERC7XTouyWISHvDMVfzJYaCg16N\n-----END PRIVATE KEY-----\n","private_key_pem_pkcs8":"-----BEGIN PRIVATE KEY-----\nMC4CAQAwBQYDK2VwBCIEIOqZETBFr37DUtFcRERC7XTouyWISHvDMVfzJYaCg16N\n-----END PRIVATE KEY-----\n","public_key_fingerprint_md5":"2f:7f:de:1a:90:da:33:67:3d:a8:f6:1d:85:ec:15:3f","public_key_fingerprint_sha256":"SHA256:PC5xLqUbi8fzQgy1xQ2OQJm5gAc9/rYLm1HPy/DzUzw","public_key_openssh":"ssh-ed25519 AAAAC3NzaC1lZDI1NTE5AAAAIIbYSxw+OXIwbk9pZ/JMzPe4hrXBNXHSYvCe3h/q/qFN\n","public_key_pem":"-----BEGIN PUBLIC KEY-----\nMCowBQYDK2VwAyEAhthLHD45cjBuT2ln8kzM97iGtcE1cdJi8J7eH+r+oU0=\n-----END PUBLIC KEY-----\n","rsa_bits":2048},"sensitive_attributes":[[{"type":"get_attr","value":"private_key_pem_pkcs8"}],[{"type":"get_attr","value":"private_key_pem"}],[{"type":"get_attr","value":"private_key_openssh"}]]}]}],"check_results":null}

